
Microsoft Visual Studio Solution File, Format Version 12.00
# Visual Studio Version 17
VisualStudioVersion = 17.11.35327.3
MinimumVisualStudioVersion = 10.0.40219.1
Project("{F2A71F9B-5D33-465A-A702-920D77279786}") = "Lab6", "Lab6\Lab6.fsproj", "{1917172D-7F99-44E4-A597-88187A958A9E}"
EndProject
Global
	GlobalSection(SolutionConfigurationPlatforms) = preSolution
		Debug|Any CPU = Debug|Any CPU
		Release|Any CPU = Release|Any CPU
	EndGlobalSection
	GlobalSection(ProjectConfigurationPlatforms) = postSolution
		{1917172D-7F99-44E4-A597-88187A958A9E}.Debug|Any CPU.ActiveCfg = Debug|Any CPU
		{1917172D-7F99-44E4-A597-88187A958A9E}.Debug|Any CPU.Build.0 = Debug|Any CPU
		{1917172D-7F99-44E4-A597-88187A958A9E}.Release|Any CPU.ActiveCfg = Release|Any CPU
		{1917172D-7F99-44E4-A597-88187A958A9E}.Release|Any CPU.Build.0 = Release|Any CPU
	EndGlobalSection
	GlobalSection(SolutionProperties) = preSolution
		HideSolutionNode = FALSE
	EndGlobalSection
	GlobalSection(ExtensibilityGlobals) = postSolution
		SolutionGuid = {267762EA-D665-43EE-9B78-422408B90F79}
	EndGlobalSection
EndGlobal
